
Microsoft Visual Studio Solution File, Format Version 12.00
# Visual Studio Version 17
VisualStudioVersion = 17.10.35122.118
MinimumVisualStudioVersion = 10.0.40219.1
Project("{9A19103F-16F7-4668-BE54-9A1E7A4F7556}") = "CsvBuilder", "CsvBuilder.csproj", "{1DF3CFD2-490E-4738-B9AB-40F034E35938}"
EndProject
Global
	GlobalSection(SolutionConfigurationPlatforms) = preSolution
		Debug|Any CPU = Debug|Any CPU
		Release|Any CPU = Release|Any CPU
	EndGlobalSection
	GlobalSection(ProjectConfigurationPlatforms) = postSolution
		{1DF3CFD2-490E-4738-B9AB-40F034E35938}.Debug|Any CPU.ActiveCfg = Debug|Any CPU
		{1DF3CFD2-490E-4738-B9AB-40F034E35938}.Debug|Any CPU.Build.0 = Debug|Any CPU
		{1DF3CFD2-490E-4738-B9AB-40F034E35938}.Release|Any CPU.ActiveCfg = Release|Any CPU
		{1DF3CFD2-490E-4738-B9AB-40F034E35938}.Release|Any CPU.Build.0 = Release|Any CPU
	EndGlobalSection
	GlobalSection(SolutionProperties) = preSolution
		HideSolutionNode = FALSE
	EndGlobalSection
	GlobalSection(ExtensibilityGlobals) = postSolution
		SolutionGuid = {973236BB-54D8-4FA0-A80B-8B728BA1BA8E}
	EndGlobalSection
EndGlobal
