
Microsoft Visual Studio Solution File, Format Version 12.00
# Visual Studio Version 17
VisualStudioVersion = 17.10.35122.118
MinimumVisualStudioVersion = 10.0.40219.1
Project("{9A19103F-16F7-4668-BE54-9A1E7A4F7556}") = "CsvBuilder", "CsvBuilder\CsvBuilder.csproj", "{0C7A8394-1CB0-435C-B9F2-87CD777CCFA3}"
EndProject
Project("{9A19103F-16F7-4668-BE54-9A1E7A4F7556}") = "SampleWebApi", "SampleWebApi\SampleWebApi.csproj", "{3E7D0E73-9A67-4C4B-A450-84725FB02371}"
EndProject
Global
	GlobalSection(SolutionConfigurationPlatforms) = preSolution
		Debug|Any CPU = Debug|Any CPU
		Release|Any CPU = Release|Any CPU
	EndGlobalSection
	GlobalSection(ProjectConfigurationPlatforms) = postSolution
		{0C7A8394-1CB0-435C-B9F2-87CD777CCFA3}.Debug|Any CPU.ActiveCfg = Debug|Any CPU
		{0C7A8394-1CB0-435C-B9F2-87CD777CCFA3}.Debug|Any CPU.Build.0 = Debug|Any CPU
		{0C7A8394-1CB0-435C-B9F2-87CD777CCFA3}.Release|Any CPU.ActiveCfg = Release|Any CPU
		{0C7A8394-1CB0-435C-B9F2-87CD777CCFA3}.Release|Any CPU.Build.0 = Release|Any CPU
		{3E7D0E73-9A67-4C4B-A450-84725FB02371}.Debug|Any CPU.ActiveCfg = Debug|Any CPU
		{3E7D0E73-9A67-4C4B-A450-84725FB02371}.Debug|Any CPU.Build.0 = Debug|Any CPU
		{3E7D0E73-9A67-4C4B-A450-84725FB02371}.Release|Any CPU.ActiveCfg = Release|Any CPU
		{3E7D0E73-9A67-4C4B-A450-84725FB02371}.Release|Any CPU.Build.0 = Release|Any CPU
	EndGlobalSection
	GlobalSection(SolutionProperties) = preSolution
		HideSolutionNode = FALSE
	EndGlobalSection
	GlobalSection(ExtensibilityGlobals) = postSolution
		SolutionGuid = {973236BB-54D8-4FA0-A80B-8B728BA1BA8E}
	EndGlobalSection
EndGlobal
